
Microsoft Visual Studio Solution File, Format Version 12.00
# Visual Studio 14
VisualStudioVersion = 14.0.25420.1
MinimumVisualStudioVersion = 10.0.40219.1
Project("{FAE04EC0-301F-11D3-BF4B-00C04F79EFBC}") = "Tehtävä_1", "Tehtävä_1\Tehtävä_1.csproj", "{C2B849DC-2E88-4E28-A34C-BA72B2338BEE}"
EndProject
Project("{FAE04EC0-301F-11D3-BF4B-00C04F79EFBC}") = "Tehtävä_2", "Tehtävä_2\Tehtävä_2.csproj", "{D73004D7-AACA-4C6B-B388-0910E3D69D42}"
EndProject
Project("{FAE04EC0-301F-11D3-BF4B-00C04F79EFBC}") = "Tehtävä_3", "Tehtävä_3\Tehtävä_3.csproj", "{0D77B67E-BC64-4C9D-B274-7254E5DEB2FA}"
EndProject
Project("{FAE04EC0-301F-11D3-BF4B-00C04F79EFBC}") = "Tehtävä_4", "Tehtävä_4\Tehtävä_4.csproj", "{850A8215-D55B-4EA0-A8BA-C99AC2DC5C38}"
EndProject
Project("{FAE04EC0-301F-11D3-BF4B-00C04F79EFBC}") = "Tehtävä_5", "Tehtävä_5\Tehtävä_5.csproj", "{A5D6EC1A-7B6C-4F67-9867-8690A93316AE}"
EndProject
Project("{FAE04EC0-301F-11D3-BF4B-00C04F79EFBC}") = "Tehtävä_6", "Tehtävä_6\Tehtävä_6.csproj", "{64919FAA-3B99-43A6-87A1-B74D7A077DA1}"
EndProject
Project("{FAE04EC0-301F-11D3-BF4B-00C04F79EFBC}") = "Tehtävä_7", "Tehtävä_7\Tehtävä_7.csproj", "{46F396CC-2DF8-4756-96AA-E886EAF83F53}"
EndProject
Project("{FAE04EC0-301F-11D3-BF4B-00C04F79EFBC}") = "Tehtävä_8", "Tehtävä_8\Tehtävä_8.csproj", "{F0902C4C-C490-4105-8EC4-028B63B278CE}"
EndProject
Project("{FAE04EC0-301F-11D3-BF4B-00C04F79EFBC}") = "Tehtävä_9", "Tehtävä_9\Tehtävä_9.csproj", "{C5214CF7-21E6-4E53-9B26-58276F441583}"
EndProject
Project("{FAE04EC0-301F-11D3-BF4B-00C04F79EFBC}") = "Tehtävä_10", "Tehtävä_10\Tehtävä_10.csproj", "{E913CB87-239C-41C0-A8F7-94FF2869ECD4}"
EndProject
Project("{FAE04EC0-301F-11D3-BF4B-00C04F79EFBC}") = "Tehtävä_11", "Tehtävä_11\Tehtävä_11.csproj", "{389420DE-6B77-4FE3-B322-29FAC71639EE}"
EndProject
Project("{FAE04EC0-301F-11D3-BF4B-00C04F79EFBC}") = "Tehtävä_12", "Tehtävä_12\Tehtävä_12.csproj", "{F0BB2857-2A7A-4D7B-8AA6-B27690198250}"
EndProject
Project("{FAE04EC0-301F-11D3-BF4B-00C04F79EFBC}") = "Tehtävä_13", "Tehtävä_13\Tehtävä_13.csproj", "{1FF59C45-BC3A-4359-9535-2F9FE00A7F7B}"
EndProject
Project("{FAE04EC0-301F-11D3-BF4B-00C04F79EFBC}") = "Tehtävä_14", "Tehtävä_14\Tehtävä_14.csproj", "{88DA3AF1-AA70-4C76-91F2-63C134EF6404}"
EndProject
Project("{FAE04EC0-301F-11D3-BF4B-00C04F79EFBC}") = "Tehtävä_15", "Tehtävä_15\Tehtävä_15.csproj", "{7A1C7B7F-FEE4-4B6C-93BF-F6260471B4E4}"
EndProject
Project("{FAE04EC0-301F-11D3-BF4B-00C04F79EFBC}") = "Tehtävä_16", "Tehtävä_16\Tehtävä_16.csproj", "{9C57D5E8-360B-4423-921E-50C7A7D429AE}"
EndProject
Project("{FAE04EC0-301F-11D3-BF4B-00C04F79EFBC}") = "Tehtävä_17", "Tehtävä_17\Tehtävä_17.csproj", "{3717D446-11C3-4843-8958-8D21E3A251C2}"
EndProject
Project("{FAE04EC0-301F-11D3-BF4B-00C04F79EFBC}") = "Tehtävä_18", "Tehtävä_18\Tehtävä_18.csproj", "{25AE77D3-63F8-4845-AB7E-2B846697BE3A}"
EndProject
Project("{FAE04EC0-301F-11D3-BF4B-00C04F79EFBC}") = "Tehtävä_19", "Tehtävä_19\Tehtävä_19.csproj", "{5074FE78-8E57-4DCE-9575-E084C290B60D}"
EndProject
Project("{FAE04EC0-301F-11D3-BF4B-00C04F79EFBC}") = "Tehtävä_20", "Tehtävä_20\Tehtävä_20.csproj", "{551BAC62-117A-48B5-ABE3-C1A4A88B3BF9}"
EndProject
Global
	GlobalSection(SolutionConfigurationPlatforms) = preSolution
		Debug|Any CPU = Debug|Any CPU
		Release|Any CPU = Release|Any CPU
	EndGlobalSection
	GlobalSection(ProjectConfigurationPlatforms) = postSolution
		{C2B849DC-2E88-4E28-A34C-BA72B2338BEE}.Debug|Any CPU.ActiveCfg = Debug|Any CPU
		{C2B849DC-2E88-4E28-A34C-BA72B2338BEE}.Debug|Any CPU.Build.0 = Debug|Any CPU
		{C2B849DC-2E88-4E28-A34C-BA72B2338BEE}.Release|Any CPU.ActiveCfg = Release|Any CPU
		{C2B849DC-2E88-4E28-A34C-BA72B2338BEE}.Release|Any CPU.Build.0 = Release|Any CPU
		{D73004D7-AACA-4C6B-B388-0910E3D69D42}.Debug|Any CPU.ActiveCfg = Debug|Any CPU
		{D73004D7-AACA-4C6B-B388-0910E3D69D42}.Debug|Any CPU.Build.0 = Debug|Any CPU
		{D73004D7-AACA-4C6B-B388-0910E3D69D42}.Release|Any CPU.ActiveCfg = Release|Any CPU
		{D73004D7-AACA-4C6B-B388-0910E3D69D42}.Release|Any CPU.Build.0 = Release|Any CPU
		{0D77B67E-BC64-4C9D-B274-7254E5DEB2FA}.Debug|Any CPU.ActiveCfg = Debug|Any CPU
		{0D77B67E-BC64-4C9D-B274-7254E5DEB2FA}.Debug|Any CPU.Build.0 = Debug|Any CPU
		{0D77B67E-BC64-4C9D-B274-7254E5DEB2FA}.Release|Any CPU.ActiveCfg = Release|Any CPU
		{0D77B67E-BC64-4C9D-B274-7254E5DEB2FA}.Release|Any CPU.Build.0 = Release|Any CPU
		{850A8215-D55B-4EA0-A8BA-C99AC2DC5C38}.Debug|Any CPU.ActiveCfg = Debug|Any CPU
		{850A8215-D55B-4EA0-A8BA-C99AC2DC5C38}.Debug|Any CPU.Build.0 = Debug|Any CPU
		{850A8215-D55B-4EA0-A8BA-C99AC2DC5C38}.Release|Any CPU.ActiveCfg = Release|Any CPU
		{850A8215-D55B-4EA0-A8BA-C99AC2DC5C38}.Release|Any CPU.Build.0 = Release|Any CPU
		{A5D6EC1A-7B6C-4F67-9867-8690A93316AE}.Debug|Any CPU.ActiveCfg = Debug|Any CPU
		{A5D6EC1A-7B6C-4F67-9867-8690A93316AE}.Debug|Any CPU.Build.0 = Debug|Any CPU
		{A5D6EC1A-7B6C-4F67-9867-8690A93316AE}.Release|Any CPU.ActiveCfg = Release|Any CPU
		{A5D6EC1A-7B6C-4F67-9867-8690A93316AE}.Release|Any CPU.Build.0 = Release|Any CPU
		{64919FAA-3B99-43A6-87A1-B74D7A077DA1}.Debug|Any CPU.ActiveCfg = Debug|Any CPU
		{64919FAA-3B99-43A6-87A1-B74D7A077DA1}.Debug|Any CPU.Build.0 = Debug|Any CPU
		{64919FAA-3B99-43A6-87A1-B74D7A077DA1}.Release|Any CPU.ActiveCfg = Release|Any CPU
		{64919FAA-3B99-43A6-87A1-B74D7A077DA1}.Release|Any CPU.Build.0 = Release|Any CPU
		{46F396CC-2DF8-4756-96AA-E886EAF83F53}.Debug|Any CPU.ActiveCfg = Debug|Any CPU
		{46F396CC-2DF8-4756-96AA-E886EAF83F53}.Debug|Any CPU.Build.0 = Debug|Any CPU
		{46F396CC-2DF8-4756-96AA-E886EAF83F53}.Release|Any CPU.ActiveCfg = Release|Any CPU
		{46F396CC-2DF8-4756-96AA-E886EAF83F53}.Release|Any CPU.Build.0 = Release|Any CPU
		{F0902C4C-C490-4105-8EC4-028B63B278CE}.Debug|Any CPU.ActiveCfg = Debug|Any CPU
		{F0902C4C-C490-4105-8EC4-028B63B278CE}.Debug|Any CPU.Build.0 = Debug|Any CPU
		{F0902C4C-C490-4105-8EC4-028B63B278CE}.Release|Any CPU.ActiveCfg = Release|Any CPU
		{F0902C4C-C490-4105-8EC4-028B63B278CE}.Release|Any CPU.Build.0 = Release|Any CPU
		{C5214CF7-21E6-4E53-9B26-58276F441583}.Debug|Any CPU.ActiveCfg = Debug|Any CPU
		{C5214CF7-21E6-4E53-9B26-58276F441583}.Debug|Any CPU.Build.0 = Debug|Any CPU
		{C5214CF7-21E6-4E53-9B26-58276F441583}.Release|Any CPU.ActiveCfg = Release|Any CPU
		{C5214CF7-21E6-4E53-9B26-58276F441583}.Release|Any CPU.Build.0 = Release|Any CPU
		{E913CB87-239C-41C0-A8F7-94FF2869ECD4}.Debug|Any CPU.ActiveCfg = Debug|Any CPU
		{E913CB87-239C-41C0-A8F7-94FF2869ECD4}.Debug|Any CPU.Build.0 = Debug|Any CPU
		{E913CB87-239C-41C0-A8F7-94FF2869ECD4}.Release|Any CPU.ActiveCfg = Release|Any CPU
		{E913CB87-239C-41C0-A8F7-94FF2869ECD4}.Release|Any CPU.Build.0 = Release|Any CPU
		{389420DE-6B77-4FE3-B322-29FAC71639EE}.Debug|Any CPU.ActiveCfg = Debug|Any CPU
		{389420DE-6B77-4FE3-B322-29FAC71639EE}.Debug|Any CPU.Build.0 = Debug|Any CPU
		{389420DE-6B77-4FE3-B322-29FAC71639EE}.Release|Any CPU.ActiveCfg = Release|Any CPU
		{389420DE-6B77-4FE3-B322-29FAC71639EE}.Release|Any CPU.Build.0 = Release|Any CPU
		{F0BB2857-2A7A-4D7B-8AA6-B27690198250}.Debug|Any CPU.ActiveCfg = Debug|Any CPU
		{F0BB2857-2A7A-4D7B-8AA6-B27690198250}.Debug|Any CPU.Build.0 = Debug|Any CPU
		{F0BB2857-2A7A-4D7B-8AA6-B27690198250}.Release|Any CPU.ActiveCfg = Release|Any CPU
		{F0BB2857-2A7A-4D7B-8AA6-B27690198250}.Release|Any CPU.Build.0 = Release|Any CPU
		{1FF59C45-BC3A-4359-9535-2F9FE00A7F7B}.Debug|Any CPU.ActiveCfg = Debug|Any CPU
		{1FF59C45-BC3A-4359-9535-2F9FE00A7F7B}.Debug|Any CPU.Build.0 = Debug|Any CPU
		{1FF59C45-BC3A-4359-9535-2F9FE00A7F7B}.Release|Any CPU.ActiveCfg = Release|Any CPU
		{1FF59C45-BC3A-4359-9535-2F9FE00A7F7B}.Release|Any CPU.Build.0 = Release|Any CPU
		{88DA3AF1-AA70-4C76-91F2-63C134EF6404}.Debug|Any CPU.ActiveCfg = Debug|Any CPU
		{88DA3AF1-AA70-4C76-91F2-63C134EF6404}.Debug|Any CPU.Build.0 = Debug|Any CPU
		{88DA3AF1-AA70-4C76-91F2-63C134EF6404}.Release|Any CPU.ActiveCfg = Release|Any CPU
		{88DA3AF1-AA70-4C76-91F2-63C134EF6404}.Release|Any CPU.Build.0 = Release|Any CPU
		{7A1C7B7F-FEE4-4B6C-93BF-F6260471B4E4}.Debug|Any CPU.ActiveCfg = Debug|Any CPU
		{7A1C7B7F-FEE4-4B6C-93BF-F6260471B4E4}.Debug|Any CPU.Build.0 = Debug|Any CPU
		{7A1C7B7F-FEE4-4B6C-93BF-F6260471B4E4}.Release|Any CPU.ActiveCfg = Release|Any CPU
		{7A1C7B7F-FEE4-4B6C-93BF-F6260471B4E4}.Release|Any CPU.Build.0 = Release|Any CPU
		{9C57D5E8-360B-4423-921E-50C7A7D429AE}.Debug|Any CPU.ActiveCfg = Debug|Any CPU
		{9C57D5E8-360B-4423-921E-50C7A7D429AE}.Debug|Any CPU.Build.0 = Debug|Any CPU
		{9C57D5E8-360B-4423-921E-50C7A7D429AE}.Release|Any CPU.ActiveCfg = Release|Any CPU
		{9C57D5E8-360B-4423-921E-50C7A7D429AE}.Release|Any CPU.Build.0 = Release|Any CPU
		{3717D446-11C3-4843-8958-8D21E3A251C2}.Debug|Any CPU.ActiveCfg = Debug|Any CPU
		{3717D446-11C3-4843-8958-8D21E3A251C2}.Debug|Any CPU.Build.0 = Debug|Any CPU
		{3717D446-11C3-4843-8958-8D21E3A251C2}.Release|Any CPU.ActiveCfg = Release|Any CPU
		{3717D446-11C3-4843-8958-8D21E3A251C2}.Release|Any CPU.Build.0 = Release|Any CPU
		{25AE77D3-63F8-4845-AB7E-2B846697BE3A}.Debug|Any CPU.ActiveCfg = Debug|Any CPU
		{25AE77D3-63F8-4845-AB7E-2B846697BE3A}.Debug|Any CPU.Build.0 = Debug|Any CPU
		{25AE77D3-63F8-4845-AB7E-2B846697BE3A}.Release|Any CPU.ActiveCfg = Release|Any CPU
		{25AE77D3-63F8-4845-AB7E-2B846697BE3A}.Release|Any CPU.Build.0 = Release|Any CPU
		{5074FE78-8E57-4DCE-9575-E084C290B60D}.Debug|Any CPU.ActiveCfg = Debug|Any CPU
		{5074FE78-8E57-4DCE-9575-E084C290B60D}.Debug|Any CPU.Build.0 = Debug|Any CPU
		{5074FE78-8E57-4DCE-9575-E084C290B60D}.Release|Any CPU.ActiveCfg = Release|Any CPU
		{5074FE78-8E57-4DCE-9575-E084C290B60D}.Release|Any CPU.Build.0 = Release|Any CPU
		{551BAC62-117A-48B5-ABE3-C1A4A88B3BF9}.Debug|Any CPU.ActiveCfg = Debug|Any CPU
		{551BAC62-117A-48B5-ABE3-C1A4A88B3BF9}.Debug|Any CPU.Build.0 = Debug|Any CPU
		{551BAC62-117A-48B5-ABE3-C1A4A88B3BF9}.Release|Any CPU.ActiveCfg = Release|Any CPU
		{551BAC62-117A-48B5-ABE3-C1A4A88B3BF9}.Release|Any CPU.Build.0 = Release|Any CPU
	EndGlobalSection
	GlobalSection(SolutionProperties) = preSolution
		HideSolutionNode = FALSE
	EndGlobalSection
EndGlobal
